// !$*UTF8*$!
{
	archiveVersion = 1;
	classes = {
	};
	objectVersion = 48;
	objects = {

/* Begin PBXBuildFile section */
		D93EF5A31FCBAD0700F65AB3 /* AppDelegate.m in Sources */ = {isa = PBXBuildFile; fileRef = D93EF5A21FCBAD0700F65AB3 /* AppDelegate.m */; };
		D93EF5A61FCBAD0700F65AB3 /* ViewController.m in Sources */ = {isa = PBXBuildFile; fileRef = D93EF5A51FCBAD0700F65AB3 /* ViewController.m */; };
		D93EF5A91FCBAD0700F65AB3 /* Main.storyboard in Resources */ = {isa = PBXBuildFile; fileRef = D93EF5A71FCBAD0700F65AB3 /* Main.storyboard */; };
		D93EF5AB1FCBAD0700F65AB3 /* Assets.xcassets in Resources */ = {isa = PBXBuildFile; fileRef = D93EF5AA1FCBAD0700F65AB3 /* Assets.xcassets */; };
		D93EF5AE1FCBAD0700F65AB3 /* LaunchScreen.storyboard in Resources */ = {isa = PBXBuildFile; fileRef = D93EF5AC1FCBAD0700F65AB3 /* LaunchScreen.storyboard */; };
		D93EF5B11FCBAD0700F65AB3 /* main.m in Sources */ = {isa = PBXBuildFile; fileRef = D93EF5B01FCBAD0700F65AB3 /* main.m */; };
		D93EF5B91FCBAFFB00F65AB3 /* infoPlist.strings in Resources */ = {isa = PBXBuildFile; fileRef = D93EF5BB1FCBAFFB00F65AB3 /* infoPlist.strings */; };
		D93EF5C01FCBB2AE00F65AB3 /* UIViewController+SOLocalizations.m in Sources */ = {isa = PBXBuildFile; fileRef = D93EF5BF1FCBB2AE00F65AB3 /* UIViewController+SOLocalizations.m */; };
		D93EF5C31FCBB2ED00F65AB3 /* SOLocalization.m in Sources */ = {isa = PBXBuildFile; fileRef = D93EF5C21FCBB2ED00F65AB3 /* SOLocalization.m */; };
		D93EF5C71FCBBA6A00F65AB3 /* UILabel+SOLocalization.m in Sources */ = {isa = PBXBuildFile; fileRef = D93EF5C61FCBBA6A00F65AB3 /* UILabel+SOLocalization.m */; };
		D93EF5CA1FCBBA8400F65AB3 /* UIButton+SOLocalization.m in Sources */ = {isa = PBXBuildFile; fileRef = D93EF5C91FCBBA8400F65AB3 /* UIButton+SOLocalization.m */; };
		D93EF5CD1FCBC22900F65AB3 /* UIView+SOLocalization.m in Sources */ = {isa = PBXBuildFile; fileRef = D93EF5CC1FCBC22900F65AB3 /* UIView+SOLocalization.m */; };
		D93EF5D01FCBDB8400F65AB3 /* UITextField+SOLocalization.m in Sources */ = {isa = PBXBuildFile; fileRef = D93EF5CF1FCBDB8400F65AB3 /* UITextField+SOLocalization.m */; };
		D93EF5D31FCBE0D100F65AB3 /* UINavigationItem+SOLocalization.m in Sources */ = {isa = PBXBuildFile; fileRef = D93EF5D21FCBE0D100F65AB3 /* UINavigationItem+SOLocalization.m */; };
		D93EF5D61FCBE18D00F65AB3 /* UIBarItem+SOLocalization.m in Sources */ = {isa = PBXBuildFile; fileRef = D93EF5D51FCBE18D00F65AB3 /* UIBarItem+SOLocalization.m */; };
		D93EF5D91FCBE4E100F65AB3 /* SOSwizzle.m in Sources */ = {isa = PBXBuildFile; fileRef = D93EF5D81FCBE4E100F65AB3 /* SOSwizzle.m */; };
		D93EF5DC1FCBE76F00F65AB3 /* SettingViewController.m in Sources */ = {isa = PBXBuildFile; fileRef = D93EF5DB1FCBE76F00F65AB3 /* SettingViewController.m */; };
/* End PBXBuildFile section */

/* Begin PBXFileReference section */
		D93EF59E1FCBAD0700F65AB3 /* LocalizationExample.app */ = {isa = PBXFileReference; explicitFileType = wrapper.application; includeInIndex = 0; path = LocalizationExample.app; sourceTree = BUILT_PRODUCTS_DIR; };
		D93EF5A11FCBAD0700F65AB3 /* AppDelegate.h */ = {isa = PBXFileReference; lastKnownFileType = sourcecode.c.h; path = AppDelegate.h; sourceTree = "<group>"; };
		D93EF5A21FCBAD0700F65AB3 /* AppDelegate.m */ = {isa = PBXFileReference; lastKnownFileType = sourcecode.c.objc; path = AppDelegate.m; sourceTree = "<group>"; };
		D93EF5A41FCBAD0700F65AB3 /* ViewController.h */ = {isa = PBXFileReference; lastKnownFileType = sourcecode.c.h; path = ViewController.h; sourceTree = "<group>"; };
		D93EF5A51FCBAD0700F65AB3 /* ViewController.m */ = {isa = PBXFileReference; lastKnownFileType = sourcecode.c.objc; path = ViewController.m; sourceTree = "<group>"; };
		D93EF5A81FCBAD0700F65AB3 /* Base */ = {isa = PBXFileReference; lastKnownFileType = file.storyboard; name = Base; path = Base.lproj/Main.storyboard; sourceTree = "<group>"; };
		D93EF5AA1FCBAD0700F65AB3 /* Assets.xcassets */ = {isa = PBXFileReference; lastKnownFileType = folder.assetcatalog; path = Assets.xcassets; sourceTree = "<group>"; };
		D93EF5AD1FCBAD0700F65AB3 /* Base */ = {isa = PBXFileReference; lastKnownFileType = file.storyboard; name = Base; path = Base.lproj/LaunchScreen.storyboard; sourceTree = "<group>"; };
		D93EF5AF1FCBAD0700F65AB3 /* Info.plist */ = {isa = PBXFileReference; lastKnownFileType = text.plist.xml; path = Info.plist; sourceTree = "<group>"; };
		D93EF5B01FCBAD0700F65AB3 /* main.m */ = {isa = PBXFileReference; lastKnownFileType = sourcecode.c.objc; path = main.m; sourceTree = "<group>"; };
		D93EF5BA1FCBAFFB00F65AB3 /* en */ = {isa = PBXFileReference; lastKnownFileType = text.plist.strings; name = en; path = en.lproj/infoPlist.strings; sourceTree = "<group>"; };
		D93EF5BC1FCBB02000F65AB3 /* zh-Hans */ = {isa = PBXFileReference; lastKnownFileType = text.plist.strings; name = "zh-Hans"; path = "zh-Hans.lproj/infoPlist.strings"; sourceTree = "<group>"; };
		D93EF5BE1FCBB2AE00F65AB3 /* UIViewController+SOLocalizations.h */ = {isa = PBXFileReference; lastKnownFileType = sourcecode.c.h; path = "UIViewController+SOLocalizations.h"; sourceTree = "<group>"; };
		D93EF5BF1FCBB2AE00F65AB3 /* UIViewController+SOLocalizations.m */ = {isa = PBXFileReference; lastKnownFileType = sourcecode.c.objc; path = "UIViewController+SOLocalizations.m"; sourceTree = "<group>"; };
		D93EF5C11FCBB2ED00F65AB3 /* SOLocalization.h */ = {isa = PBXFileReference; lastKnownFileType = sourcecode.c.h; path = SOLocalization.h; sourceTree = "<group>"; };
		D93EF5C21FCBB2ED00F65AB3 /* SOLocalization.m */ = {isa = PBXFileReference; lastKnownFileType = sourcecode.c.objc; path = SOLocalization.m; sourceTree = "<group>"; };
		D93EF5C51FCBBA6A00F65AB3 /* UILabel+SOLocalization.h */ = {isa = PBXFileReference; lastKnownFileType = sourcecode.c.h; path = "UILabel+SOLocalization.h"; sourceTree = "<group>"; };
		D93EF5C61FCBBA6A00F65AB3 /* UILabel+SOLocalization.m */ = {isa = PBXFileReference; lastKnownFileType = sourcecode.c.objc; path = "UILabel+SOLocalization.m"; sourceTree = "<group>"; };
		D93EF5C81FCBBA8400F65AB3 /* UIButton+SOLocalization.h */ = {isa = PBXFileReference; lastKnownFileType = sourcecode.c.h; path = "UIButton+SOLocalization.h"; sourceTree = "<group>"; };
		D93EF5C91FCBBA8400F65AB3 /* UIButton+SOLocalization.m */ = {isa = PBXFileReference; lastKnownFileType = sourcecode.c.objc; path = "UIButton+SOLocalization.m"; sourceTree = "<group>"; };
		D93EF5CB1FCBC22900F65AB3 /* UIView+SOLocalization.h */ = {isa = PBXFileReference; lastKnownFileType = sourcecode.c.h; path = "UIView+SOLocalization.h"; sourceTree = "<group>"; };
		D93EF5CC1FCBC22900F65AB3 /* UIView+SOLocalization.m */ = {isa = PBXFileReference; lastKnownFileType = sourcecode.c.objc; path = "UIView+SOLocalization.m"; sourceTree = "<group>"; };
		D93EF5CE1FCBDB8400F65AB3 /* UITextField+SOLocalization.h */ = {isa = PBXFileReference; lastKnownFileType = sourcecode.c.h; path = "UITextField+SOLocalization.h"; sourceTree = "<group>"; };
		D93EF5CF1FCBDB8400F65AB3 /* UITextField+SOLocalization.m */ = {isa = PBXFileReference; lastKnownFileType = sourcecode.c.objc; path = "UITextField+SOLocalization.m"; sourceTree = "<group>"; };
		D93EF5D11FCBE0D100F65AB3 /* UINavigationItem+SOLocalization.h */ = {isa = PBXFileReference; lastKnownFileType = sourcecode.c.h; path = "UINavigationItem+SOLocalization.h"; sourceTree = "<group>"; };
		D93EF5D21FCBE0D100F65AB3 /* UINavigationItem+SOLocalization.m */ = {isa = PBXFileReference; lastKnownFileType = sourcecode.c.objc; path = "UINavigationItem+SOLocalization.m"; sourceTree = "<group>"; };
		D93EF5D41FCBE18D00F65AB3 /* UIBarItem+SOLocalization.h */ = {isa = PBXFileReference; lastKnownFileType = sourcecode.c.h; path = "UIBarItem+SOLocalization.h"; sourceTree = "<group>"; };
		D93EF5D51FCBE18D00F65AB3 /* UIBarItem+SOLocalization.m */ = {isa = PBXFileReference; lastKnownFileType = sourcecode.c.objc; path = "UIBarItem+SOLocalization.m"; sourceTree = "<group>"; };
		D93EF5D71FCBE4E100F65AB3 /* SOSwizzle.h */ = {isa = PBXFileReference; lastKnownFileType = sourcecode.c.h; path = SOSwizzle.h; sourceTree = "<group>"; };
		D93EF5D81FCBE4E100F65AB3 /* SOSwizzle.m */ = {isa = PBXFileReference; lastKnownFileType = sourcecode.c.objc; path = SOSwizzle.m; sourceTree = "<group>"; };
		D93EF5DA1FCBE76F00F65AB3 /* SettingViewController.h */ = {isa = PBXFileReference; lastKnownFileType = sourcecode.c.h; path = SettingViewController.h; sourceTree = "<group>"; };
		D93EF5DB1FCBE76F00F65AB3 /* SettingViewController.m */ = {isa = PBXFileReference; lastKnownFileType = sourcecode.c.objc; path = SettingViewController.m; sourceTree = "<group>"; };
/* End PBXFileReference section */

/* Begin PBXFrameworksBuildPhase section */
		D93EF59B1FCBAD0700F65AB3 /* Frameworks */ = {
			isa = PBXFrameworksBuildPhase;
			buildActionMask = 2147483647;
			files = (
			);
			runOnlyForDeploymentPostprocessing = 0;
		};
/* End PBXFrameworksBuildPhase section */

/* Begin PBXGroup section */
		D93EF5951FCBAD0700F65AB3 = {
			isa = PBXGroup;
			children = (
				D93EF5BD1FCBB25F00F65AB3 /* SOLocalizations */,
				D93EF5A01FCBAD0700F65AB3 /* LocalizationExample */,
				D93EF59F1FCBAD0700F65AB3 /* Products */,
			);
			sourceTree = "<group>";
		};
		D93EF59F1FCBAD0700F65AB3 /* Products */ = {
			isa = PBXGroup;
			children = (
				D93EF59E1FCBAD0700F65AB3 /* LocalizationExample.app */,
			);
			name = Products;
			sourceTree = "<group>";
		};
		D93EF5A01FCBAD0700F65AB3 /* LocalizationExample */ = {
			isa = PBXGroup;
			children = (
				D93EF5A11FCBAD0700F65AB3 /* AppDelegate.h */,
				D93EF5A21FCBAD0700F65AB3 /* AppDelegate.m */,
				D93EF5A41FCBAD0700F65AB3 /* ViewController.h */,
				D93EF5A51FCBAD0700F65AB3 /* ViewController.m */,
				D93EF5DA1FCBE76F00F65AB3 /* SettingViewController.h */,
				D93EF5DB1FCBE76F00F65AB3 /* SettingViewController.m */,
				D93EF5A71FCBAD0700F65AB3 /* Main.storyboard */,
				D93EF5AA1FCBAD0700F65AB3 /* Assets.xcassets */,
				D93EF5AC1FCBAD0700F65AB3 /* LaunchScreen.storyboard */,
				D93EF5AF1FCBAD0700F65AB3 /* Info.plist */,
				D93EF5B01FCBAD0700F65AB3 /* main.m */,
				D93EF5BB1FCBAFFB00F65AB3 /* infoPlist.strings */,
			);
			path = LocalizationExample;
			sourceTree = "<group>";
		};
		D93EF5BD1FCBB25F00F65AB3 /* SOLocalizations */ = {
			isa = PBXGroup;
			children = (
				D93EF5C41FCBB8DE00F65AB3 /* UIKit */,
				D93EF5C11FCBB2ED00F65AB3 /* SOLocalization.h */,
				D93EF5C21FCBB2ED00F65AB3 /* SOLocalization.m */,
			);
			path = SOLocalizations;
			sourceTree = "<group>";
		};
		D93EF5C41FCBB8DE00F65AB3 /* UIKit */ = {
			isa = PBXGroup;
			children = (
				D93EF5BE1FCBB2AE00F65AB3 /* UIViewController+SOLocalizations.h */,
				D93EF5BF1FCBB2AE00F65AB3 /* UIViewController+SOLocalizations.m */,
				D93EF5CB1FCBC22900F65AB3 /* UIView+SOLocalization.h */,
				D93EF5CC1FCBC22900F65AB3 /* UIView+SOLocalization.m */,
				D93EF5C51FCBBA6A00F65AB3 /* UILabel+SOLocalization.h */,
				D93EF5C61FCBBA6A00F65AB3 /* UILabel+SOLocalization.m */,
				D93EF5C81FCBBA8400F65AB3 /* UIButton+SOLocalization.h */,
				D93EF5C91FCBBA8400F65AB3 /* UIButton+SOLocalization.m */,
				D93EF5CE1FCBDB8400F65AB3 /* UITextField+SOLocalization.h */,
				D93EF5CF1FCBDB8400F65AB3 /* UITextField+SOLocalization.m */,
				D93EF5D11FCBE0D100F65AB3 /* UINavigationItem+SOLocalization.h */,
				D93EF5D21FCBE0D100F65AB3 /* UINavigationItem+SOLocalization.m */,
				D93EF5D41FCBE18D00F65AB3 /* UIBarItem+SOLocalization.h */,
				D93EF5D51FCBE18D00F65AB3 /* UIBarItem+SOLocalization.m */,
				D93EF5D71FCBE4E100F65AB3 /* SOSwizzle.h */,
				D93EF5D81FCBE4E100F65AB3 /* SOSwizzle.m */,
			);
			path = UIKit;
			sourceTree = "<group>";
		};
/* End PBXGroup section */

/* Begin PBXNativeTarget section */
		D93EF59D1FCBAD0700F65AB3 /* LocalizationExample */ = {
			isa = PBXNativeTarget;
			buildConfigurationList = D93EF5B41FCBAD0700F65AB3 /* Build configuration list for PBXNativeTarget "LocalizationExample" */;
			buildPhases = (
				D93EF59A1FCBAD0700F65AB3 /* Sources */,
				D93EF59B1FCBAD0700F65AB3 /* Frameworks */,
				D93EF59C1FCBAD0700F65AB3 /* Resources */,
			);
			buildRules = (
			);
			dependencies = (
			);
			name = LocalizationExample;
			productName = LocalizationExample;
			productReference = D93EF59E1FCBAD0700F65AB3 /* LocalizationExample.app */;
			productType = "com.apple.product-type.application";
		};
/* End PBXNativeTarget section */

/* Begin PBXProject section */
		D93EF5961FCBAD0700F65AB3 /* Project object */ = {
			isa = PBXProject;
			attributes = {
				LastUpgradeCheck = 0910;
				ORGANIZATIONNAME = scfhao;
				TargetAttributes = {
					D93EF59D1FCBAD0700F65AB3 = {
						CreatedOnToolsVersion = 9.1;
						ProvisioningStyle = Automatic;
					};
				};
			};
			buildConfigurationList = D93EF5991FCBAD0700F65AB3 /* Build configuration list for PBXProject "LocalizationExample" */;
			compatibilityVersion = "Xcode 8.0";
			developmentRegion = en;
			hasScannedForEncodings = 0;
			knownRegions = (
				en,
				Base,
				"zh-Hans",
			);
			mainGroup = D93EF5951FCBAD0700F65AB3;
			productRefGroup = D93EF59F1FCBAD0700F65AB3 /* Products */;
			projectDirPath = "";
			projectRoot = "";
			targets = (
				D93EF59D1FCBAD0700F65AB3 /* LocalizationExample */,
			);
		};
/* End PBXProject section */

/* Begin PBXResourcesBuildPhase section */
		D93EF59C1FCBAD0700F65AB3 /* Resources */ = {
			isa = PBXResourcesBuildPhase;
			buildActionMask = 2147483647;
			files = (
				D93EF5AE1FCBAD0700F65AB3 /* LaunchScreen.storyboard in Resources */,
				D93EF5B91FCBAFFB00F65AB3 /* infoPlist.strings in Resources */,
				D93EF5AB1FCBAD0700F65AB3 /* Assets.xcassets in Resources */,
				D93EF5A91FCBAD0700F65AB3 /* Main.storyboard in Resources */,
			);
			runOnlyForDeploymentPostprocessing = 0;
		};
/* End PBXResourcesBuildPhase section */

/* Begin PBXSourcesBuildPhase section */
		D93EF59A1FCBAD0700F65AB3 /* Sources */ = {
			isa = PBXSourcesBuildPhase;
			buildActionMask = 2147483647;
			files = (
				D93EF5A61FCBAD0700F65AB3 /* ViewController.m in Sources */,
				D93EF5CD1FCBC22900F65AB3 /* UIView+SOLocalization.m in Sources */,
				D93EF5DC1FCBE76F00F65AB3 /* SettingViewController.m in Sources */,
				D93EF5C71FCBBA6A00F65AB3 /* UILabel+SOLocalization.m in Sources */,
				D93EF5CA1FCBBA8400F65AB3 /* UIButton+SOLocalization.m in Sources */,
				D93EF5D91FCBE4E100F65AB3 /* SOSwizzle.m in Sources */,
				D93EF5B11FCBAD0700F65AB3 /* main.m in Sources */,
				D93EF5C31FCBB2ED00F65AB3 /* SOLocalization.m in Sources */,
				D93EF5A31FCBAD0700F65AB3 /* AppDelegate.m in Sources */,
				D93EF5C01FCBB2AE00F65AB3 /* UIViewController+SOLocalizations.m in Sources */,
				D93EF5D01FCBDB8400F65AB3 /* UITextField+SOLocalization.m in Sources */,
				D93EF5D61FCBE18D00F65AB3 /* UIBarItem+SOLocalization.m in Sources */,
				D93EF5D31FCBE0D100F65AB3 /* UINavigationItem+SOLocalization.m in Sources */,
			);
			runOnlyForDeploymentPostprocessing = 0;
		};
/* End PBXSourcesBuildPhase section */

/* Begin PBXVariantGroup section */
		D93EF5A71FCBAD0700F65AB3 /* Main.storyboard */ = {
			isa = PBXVariantGroup;
			children = (
				D93EF5A81FCBAD0700F65AB3 /* Base */,
			);
			name = Main.storyboard;
			sourceTree = "<group>";
		};
		D93EF5AC1FCBAD0700F65AB3 /* LaunchScreen.storyboard */ = {
			isa = PBXVariantGroup;
			children = (
				D93EF5AD1FCBAD0700F65AB3 /* Base */,
			);
			name = LaunchScreen.storyboard;
			sourceTree = "<group>";
		};
		D93EF5BB1FCBAFFB00F65AB3 /* infoPlist.strings */ = {
			isa = PBXVariantGroup;
			children = (
				D93EF5BA1FCBAFFB00F65AB3 /* en */,
				D93EF5BC1FCBB02000F65AB3 /* zh-Hans */,
			);
			name = infoPlist.strings;
			sourceTree = "<group>";
		};
/* End PBXVariantGroup section */

/* Begin XCBuildConfiguration section */
		D93EF5B21FCBAD0700F65AB3 /* Debug */ = {
			isa = XCBuildConfiguration;
			buildSettings = {
				ALWAYS_SEARCH_USER_PATHS = NO;
				CLANG_ANALYZER_LOCALIZABILITY_NONLOCALIZED = YES;
				CLANG_ANALYZER_NONNULL = YES;
				CLANG_ANALYZER_NUMBER_OBJECT_CONVERSION = YES_AGGRESSIVE;
				CLANG_CXX_LANGUAGE_STANDARD = "gnu++14";
				CLANG_CXX_LIBRARY = "libc++";
				CLANG_ENABLE_MODULES = YES;
				CLANG_ENABLE_OBJC_ARC = YES;
				CLANG_WARN_BLOCK_CAPTURE_AUTORELEASING = YES;
				CLANG_WARN_BOOL_CONVERSION = YES;
				CLANG_WARN_COMMA = YES;
				CLANG_WARN_CONSTANT_CONVERSION = YES;
				CLANG_WARN_DIRECT_OBJC_ISA_USAGE = YES_ERROR;
				CLANG_WARN_DOCUMENTATION_COMMENTS = YES;
				CLANG_WARN_EMPTY_BODY = YES;
				CLANG_WARN_ENUM_CONVERSION = YES;
				CLANG_WARN_INFINITE_RECURSION = YES;
				CLANG_WARN_INT_CONVERSION = YES;
				CLANG_WARN_NON_LITERAL_NULL_CONVERSION = YES;
				CLANG_WARN_OBJC_LITERAL_CONVERSION = YES;
				CLANG_WARN_OBJC_ROOT_CLASS = YES_ERROR;
				CLANG_WARN_RANGE_LOOP_ANALYSIS = YES;
				CLANG_WARN_STRICT_PROTOTYPES = YES;
				CLANG_WARN_SUSPICIOUS_MOVE = YES;
				CLANG_WARN_UNGUARDED_AVAILABILITY = YES_AGGRESSIVE;
				CLANG_WARN_UNREACHABLE_CODE = YES;
				CLANG_WARN__DUPLICATE_METHOD_MATCH = YES;
				CODE_SIGN_IDENTITY = "iPhone Developer";
				COPY_PHASE_STRIP = NO;
				DEBUG_INFORMATION_FORMAT = dwarf;
				ENABLE_STRICT_OBJC_MSGSEND = YES;
				ENABLE_TESTABILITY = YES;
				GCC_C_LANGUAGE_STANDARD = gnu11;
				GCC_DYNAMIC_NO_PIC = NO;
				GCC_NO_COMMON_BLOCKS = YES;
				GCC_OPTIMIZATION_LEVEL = 0;
				GCC_PREPROCESSOR_DEFINITIONS = (
					"DEBUG=1",
					"$(inherited)",
				);
				GCC_WARN_64_TO_32_BIT_CONVERSION = YES;
				GCC_WARN_ABOUT_RETURN_TYPE = YES_ERROR;
				GCC_WARN_UNDECLARED_SELECTOR = YES;
				GCC_WARN_UNINITIALIZED_AUTOS = YES_AGGRESSIVE;
				GCC_WARN_UNUSED_FUNCTION = YES;
				GCC_WARN_UNUSED_VARIABLE = YES;
				IPHONEOS_DEPLOYMENT_TARGET = 11.1;
				MTL_ENABLE_DEBUG_INFO = YES;
				ONLY_ACTIVE_ARCH = YES;
				SDKROOT = iphoneos;
			};
			name = Debug;
		};
		D93EF5B31FCBAD0700F65AB3 /* Release */ = {
			isa = XCBuildConfiguration;
			buildSettings = {
				ALWAYS_SEARCH_USER_PATHS = NO;
				CLANG_ANALYZER_LOCALIZABILITY_NONLOCALIZED = YES;
				CLANG_ANALYZER_NONNULL = YES;
				CLANG_ANALYZER_NUMBER_OBJECT_CONVERSION = YES_AGGRESSIVE;
				CLANG_CXX_LANGUAGE_STANDARD = "gnu++14";
				CLANG_CXX_LIBRARY = "libc++";
				CLANG_ENABLE_MODULES = YES;
				CLANG_ENABLE_OBJC_ARC = YES;
				CLANG_WARN_BLOCK_CAPTURE_AUTORELEASING = YES;
				CLANG_WARN_BOOL_CONVERSION = YES;
				CLANG_WARN_COMMA = YES;
				CLANG_WARN_CONSTANT_CONVERSION = YES;
				CLANG_WARN_DIRECT_OBJC_ISA_USAGE = YES_ERROR;
				CLANG_WARN_DOCUMENTATION_COMMENTS = YES;
				CLANG_WARN_EMPTY_BODY = YES;
				CLANG_WARN_ENUM_CONVERSION = YES;
				CLANG_WARN_INFINITE_RECURSION = YES;
				CLANG_WARN_INT_CONVERSION = YES;
				CLANG_WARN_NON_LITERAL_NULL_CONVERSION = YES;
				CLANG_WARN_OBJC_LITERAL_CONVERSION = YES;
				CLANG_WARN_OBJC_ROOT_CLASS = YES_ERROR;
				CLANG_WARN_RANGE_LOOP_ANALYSIS = YES;
				CLANG_WARN_STRICT_PROTOTYPES = YES;
				CLANG_WARN_SUSPICIOUS_MOVE = YES;
				CLANG_WARN_UNGUARDED_AVAILABILITY = YES_AGGRESSIVE;
				CLANG_WARN_UNREACHABLE_CODE = YES;
				CLANG_WARN__DUPLICATE_METHOD_MATCH = YES;
				CODE_SIGN_IDENTITY = "iPhone Developer";
				COPY_PHASE_STRIP = NO;
				DEBUG_INFORMATION_FORMAT = "dwarf-with-dsym";
				ENABLE_NS_ASSERTIONS = NO;
				ENABLE_STRICT_OBJC_MSGSEND = YES;
				GCC_C_LANGUAGE_STANDARD = gnu11;
				GCC_NO_COMMON_BLOCKS = YES;
				GCC_WARN_64_TO_32_BIT_CONVERSION = YES;
				GCC_WARN_ABOUT_RETURN_TYPE = YES_ERROR;
				GCC_WARN_UNDECLARED_SELECTOR = YES;
				GCC_WARN_UNINITIALIZED_AUTOS = YES_AGGRESSIVE;
				GCC_WARN_UNUSED_FUNCTION = YES;
				GCC_WARN_UNUSED_VARIABLE = YES;
				IPHONEOS_DEPLOYMENT_TARGET = 11.1;
				MTL_ENABLE_DEBUG_INFO = NO;
				SDKROOT = iphoneos;
				VALIDATE_PRODUCT = YES;
			};
			name = Release;
		};
		D93EF5B51FCBAD0700F65AB3 /* Debug */ = {
			isa = XCBuildConfiguration;
			buildSettings = {
				ASSETCATALOG_COMPILER_APPICON_NAME = AppIcon;
				CODE_SIGN_STYLE = Automatic;
				DEVELOPMENT_TEAM = 5N5785R8FU;
				INFOPLIST_FILE = LocalizationExample/Info.plist;
				IPHONEOS_DEPLOYMENT_TARGET = 10.3;
				LD_RUNPATH_SEARCH_PATHS = "$(inherited) @executable_path/Frameworks";
				PRODUCT_BUNDLE_IDENTIFIER = cn.scfhao.LocalizationExample;
				PRODUCT_NAME = "$(TARGET_NAME)";
				TARGETED_DEVICE_FAMILY = "1,2";
			};
			name = Debug;
		};
		D93EF5B61FCBAD0700F65AB3 /* Release */ = {
			isa = XCBuildConfiguration;
			buildSettings = {
				ASSETCATALOG_COMPILER_APPICON_NAME = AppIcon;
				CODE_SIGN_STYLE = Automatic;
				DEVELOPMENT_TEAM = 5N5785R8FU;
				INFOPLIST_FILE = LocalizationExample/Info.plist;
				IPHONEOS_DEPLOYMENT_TARGET = 10.3;
				LD_RUNPATH_SEARCH_PATHS = "$(inherited) @executable_path/Frameworks";
				PRODUCT_BUNDLE_IDENTIFIER = cn.scfhao.LocalizationExample;
				PRODUCT_NAME = "$(TARGET_NAME)";
				TARGETED_DEVICE_FAMILY = "1,2";
			};
			name = Release;
		};
/* End XCBuildConfiguration section */

/* Begin XCConfigurationList section */
		D93EF5991FCBAD0700F65AB3 /* Build configuration list for PBXProject "LocalizationExample" */ = {
			isa = XCConfigurationList;
			buildConfigurations = (
				D93EF5B21FCBAD0700F65AB3 /* Debug */,
				D93EF5B31FCBAD0700F65AB3 /* Release */,
			);
			defaultConfigurationIsVisible = 0;
			defaultConfigurationName = Release;
		};
		D93EF5B41FCBAD0700F65AB3 /* Build configuration list for PBXNativeTarget "LocalizationExample" */ = {
			isa = XCConfigurationList;
			buildConfigurations = (
				D93EF5B51FCBAD0700F65AB3 /* Debug */,
				D93EF5B61FCBAD0700F65AB3 /* Release */,
			);
			defaultConfigurationIsVisible = 0;
			defaultConfigurationName = Release;
		};
/* End XCConfigurationList section */
	};
	rootObject = D93EF5961FCBAD0700F65AB3 /* Project object */;
}
